
Microsoft Visual Studio Solution File, Format Version 12.00
# Visual Studio Version 16
VisualStudioVersion = 16.0.29920.165
MinimumVisualStudioVersion = 10.0.40219.1
Project("{9A19103F-16F7-4668-BE54-9A1E7A4F7556}") = "OnlineTableGamePlayer", "OnlineTableGamePlayer.csproj", "{71F49110-35CD-4E18-A40A-8F1D40DF019A}"
	ProjectSection(ProjectDependencies) = postProject
		{71A79B89-FE96-4232-BB24-DB0006E2A571} = {71A79B89-FE96-4232-BB24-DB0006E2A571}
	EndProjectSection
EndProject
Project("{2150E333-8FDC-42A3-9474-1A3956D46DE8}") = "Solution Items", "Solution Items", "{9A22065C-4467-4A52-834B-3B7EFCB2BD90}"
	ProjectSection(SolutionItems) = preProject
		ReadMeForDeveloper.txt = ReadMeForDeveloper.txt
	EndProjectSection
EndProject
Project("{9A19103F-16F7-4668-BE54-9A1E7A4F7556}") = "OTGPTest", "..\OTGPTest\OTGPTest.csproj", "{B44F83D5-5690-4ADA-BEA6-1BB30048A413}"
EndProject
Project("{8BC9CEB8-8B4A-11D0-8D11-00A0C91BC942}") = "OTGP_IO_TEST3", "..\OTGP_IO_TEST3\OTGP_IO_TEST3.vcxproj", "{71A79B89-FE96-4232-BB24-DB0006E2A571}"
EndProject
Global
	GlobalSection(SolutionConfigurationPlatforms) = preSolution
		Debug|Any CPU = Debug|Any CPU
		Debug|x64 = Debug|x64
		Debug|x86 = Debug|x86
		Release|Any CPU = Release|Any CPU
		Release|x64 = Release|x64
		Release|x86 = Release|x86
	EndGlobalSection
	GlobalSection(ProjectConfigurationPlatforms) = postSolution
		{71F49110-35CD-4E18-A40A-8F1D40DF019A}.Debug|Any CPU.ActiveCfg = Debug|Any CPU
		{71F49110-35CD-4E18-A40A-8F1D40DF019A}.Debug|Any CPU.Build.0 = Debug|Any CPU
		{71F49110-35CD-4E18-A40A-8F1D40DF019A}.Debug|x64.ActiveCfg = Debug|Any CPU
		{71F49110-35CD-4E18-A40A-8F1D40DF019A}.Debug|x64.Build.0 = Debug|Any CPU
		{71F49110-35CD-4E18-A40A-8F1D40DF019A}.Debug|x86.ActiveCfg = Debug|Any CPU
		{71F49110-35CD-4E18-A40A-8F1D40DF019A}.Debug|x86.Build.0 = Debug|Any CPU
		{71F49110-35CD-4E18-A40A-8F1D40DF019A}.Release|Any CPU.ActiveCfg = Release|Any CPU
		{71F49110-35CD-4E18-A40A-8F1D40DF019A}.Release|Any CPU.Build.0 = Release|Any CPU
		{71F49110-35CD-4E18-A40A-8F1D40DF019A}.Release|x64.ActiveCfg = Release|Any CPU
		{71F49110-35CD-4E18-A40A-8F1D40DF019A}.Release|x64.Build.0 = Release|Any CPU
		{71F49110-35CD-4E18-A40A-8F1D40DF019A}.Release|x86.ActiveCfg = Release|Any CPU
		{71F49110-35CD-4E18-A40A-8F1D40DF019A}.Release|x86.Build.0 = Release|Any CPU
		{B44F83D5-5690-4ADA-BEA6-1BB30048A413}.Debug|Any CPU.ActiveCfg = Debug|Any CPU
		{B44F83D5-5690-4ADA-BEA6-1BB30048A413}.Debug|Any CPU.Build.0 = Debug|Any CPU
		{B44F83D5-5690-4ADA-BEA6-1BB30048A413}.Debug|x64.ActiveCfg = Debug|Any CPU
		{B44F83D5-5690-4ADA-BEA6-1BB30048A413}.Debug|x64.Build.0 = Debug|Any CPU
		{B44F83D5-5690-4ADA-BEA6-1BB30048A413}.Debug|x86.ActiveCfg = Debug|Any CPU
		{B44F83D5-5690-4ADA-BEA6-1BB30048A413}.Debug|x86.Build.0 = Debug|Any CPU
		{B44F83D5-5690-4ADA-BEA6-1BB30048A413}.Release|Any CPU.ActiveCfg = Release|Any CPU
		{B44F83D5-5690-4ADA-BEA6-1BB30048A413}.Release|Any CPU.Build.0 = Release|Any CPU
		{B44F83D5-5690-4ADA-BEA6-1BB30048A413}.Release|x64.ActiveCfg = Release|Any CPU
		{B44F83D5-5690-4ADA-BEA6-1BB30048A413}.Release|x64.Build.0 = Release|Any CPU
		{B44F83D5-5690-4ADA-BEA6-1BB30048A413}.Release|x86.ActiveCfg = Release|Any CPU
		{B44F83D5-5690-4ADA-BEA6-1BB30048A413}.Release|x86.Build.0 = Release|Any CPU
		{71A79B89-FE96-4232-BB24-DB0006E2A571}.Debug|Any CPU.ActiveCfg = Debug|Win32
		{71A79B89-FE96-4232-BB24-DB0006E2A571}.Debug|x64.ActiveCfg = Debug|x64
		{71A79B89-FE96-4232-BB24-DB0006E2A571}.Debug|x64.Build.0 = Debug|x64
		{71A79B89-FE96-4232-BB24-DB0006E2A571}.Debug|x86.ActiveCfg = Debug|Win32
		{71A79B89-FE96-4232-BB24-DB0006E2A571}.Debug|x86.Build.0 = Debug|Win32
		{71A79B89-FE96-4232-BB24-DB0006E2A571}.Release|Any CPU.ActiveCfg = Release|Win32
		{71A79B89-FE96-4232-BB24-DB0006E2A571}.Release|x64.ActiveCfg = Release|x64
		{71A79B89-FE96-4232-BB24-DB0006E2A571}.Release|x64.Build.0 = Release|x64
		{71A79B89-FE96-4232-BB24-DB0006E2A571}.Release|x86.ActiveCfg = Release|Win32
		{71A79B89-FE96-4232-BB24-DB0006E2A571}.Release|x86.Build.0 = Release|Win32
	EndGlobalSection
	GlobalSection(SolutionProperties) = preSolution
		HideSolutionNode = FALSE
	EndGlobalSection
	GlobalSection(ExtensibilityGlobals) = postSolution
		SolutionGuid = {E1BF03FF-57C3-40DF-9EC4-34898389FEF5}
	EndGlobalSection
EndGlobal
