
Microsoft Visual Studio Solution File, Format Version 12.00
# Visual Studio Version 16
VisualStudioVersion = 16.0.29920.165
MinimumVisualStudioVersion = 10.0.40219.1
Project("{9A19103F-16F7-4668-BE54-9A1E7A4F7556}") = "OnlineTableGamePlayer", "OnlineTableGamePlayer.csproj", "{71F49110-35CD-4E18-A40A-8F1D40DF019A}"
EndProject
Project("{2150E333-8FDC-42A3-9474-1A3956D46DE8}") = "Solution Items", "Solution Items", "{9A22065C-4467-4A52-834B-3B7EFCB2BD90}"
	ProjectSection(SolutionItems) = preProject
		ReadMeForDeveloper.txt = ReadMeForDeveloper.txt
	EndProjectSection
EndProject
Project("{9A19103F-16F7-4668-BE54-9A1E7A4F7556}") = "OTGPTest", "..\OTGPTest\OTGPTest.csproj", "{B44F83D5-5690-4ADA-BEA6-1BB30048A413}"
EndProject
Global
	GlobalSection(SolutionConfigurationPlatforms) = preSolution
		Debug|Any CPU = Debug|Any CPU
		Release|Any CPU = Release|Any CPU
	EndGlobalSection
	GlobalSection(ProjectConfigurationPlatforms) = postSolution
		{71F49110-35CD-4E18-A40A-8F1D40DF019A}.Debug|Any CPU.ActiveCfg = Debug|Any CPU
		{71F49110-35CD-4E18-A40A-8F1D40DF019A}.Debug|Any CPU.Build.0 = Debug|Any CPU
		{71F49110-35CD-4E18-A40A-8F1D40DF019A}.Release|Any CPU.ActiveCfg = Release|Any CPU
		{71F49110-35CD-4E18-A40A-8F1D40DF019A}.Release|Any CPU.Build.0 = Release|Any CPU
		{B44F83D5-5690-4ADA-BEA6-1BB30048A413}.Debug|Any CPU.ActiveCfg = Debug|Any CPU
		{B44F83D5-5690-4ADA-BEA6-1BB30048A413}.Release|Any CPU.ActiveCfg = Release|Any CPU
		{B44F83D5-5690-4ADA-BEA6-1BB30048A413}.Release|Any CPU.Build.0 = Release|Any CPU
	EndGlobalSection
	GlobalSection(SolutionProperties) = preSolution
		HideSolutionNode = FALSE
	EndGlobalSection
	GlobalSection(ExtensibilityGlobals) = postSolution
		SolutionGuid = {E1BF03FF-57C3-40DF-9EC4-34898389FEF5}
	EndGlobalSection
EndGlobal
